{
  "lockfile_version": "1",
  "packages": {
    "_1password-cli": {
      "resolved": "github:NixOS/nixpkgs/7c688a0875df5a8c28a53fb55ae45e94eae0dddb?narHash=sha256-vtTM4oDke3SeDj%2B1ey6DjmzXdq8ZZSCLWSaApADDvIE%3D#_1password-cli",
      "source": "nixpkg"
    },
    "act": {
      "resolved": "github:NixOS/nixpkgs/7c688a0875df5a8c28a53fb55ae45e94eae0dddb?narHash=sha256-vtTM4oDke3SeDj%2B1ey6DjmzXdq8ZZSCLWSaApADDvIE%3D#act",
      "source": "nixpkg"
    },
    "argocd@2.13.4": {
      "last_modified": "2025-02-23T09:42:26Z",
      "resolved": "github:NixOS/nixpkgs/2d068ae5c6516b2d04562de50a58c682540de9bf#argocd",
      "source": "devbox-search",
      "version": "2.13.4",
      "systems": {
        "aarch64-darwin": {
          "outputs": [
            {
              "name": "out",
              "path": "/nix/store/168g68ddajq0y3ym2kjacyra9qh5vfx9-argocd-2.13.4",
              "default": true
            }
          ],
          "store_path": "/nix/store/168g68ddajq0y3ym2kjacyra9qh5vfx9-argocd-2.13.4"
        },
        "aarch64-linux": {
          "outputs": [
            {
              "name": "out",
              "path": "/nix/store/1qqa2qflnlpsmmwgd497dwxvdnyddqyl-argocd-2.13.4",
              "default": true
            }
          ],
          "store_path": "/nix/store/1qqa2qflnlpsmmwgd497dwxvdnyddqyl-argocd-2.13.4"
        },
        "x86_64-darwin": {
          "outputs": [
            {
              "name": "out",
              "path": "/nix/store/0rbq9pyhxhb5v0dr04zj0kc395jhg94g-argocd-2.13.4",
              "default": true
            }
          ],
          "store_path": "/nix/store/0rbq9pyhxhb5v0dr04zj0kc395jhg94g-argocd-2.13.4"
        },
        "x86_64-linux": {
          "outputs": [
            {
              "name": "out",
              "path": "/nix/store/h0sicxy0lgk9h1sdm279lwali53a7g1y-argocd-2.13.4",
              "default": true
            }
          ],
          "store_path": "/nix/store/h0sicxy0lgk9h1sdm279lwali53a7g1y-argocd-2.13.4"
        }
      }
    },
    "azure-cli@latest": {
      "last_modified": "2025-07-20T07:42:04Z",
      "resolved": "github:NixOS/nixpkgs/7c688a0875df5a8c28a53fb55ae45e94eae0dddb#azure-cli",
      "source": "devbox-search",
      "version": "2.75.0",
      "systems": {
        "aarch64-darwin": {
          "outputs": [
            {
              "name": "out",
              "path": "/nix/store/g9gb9yzkn1cnzb3h7dwwgy2gfxik4xkd-python3.13-azure-cli-2.75.0",
              "default": true
            },
            {
              "name": "dist",
              "path": "/nix/store/jfq6mhnfzswi7z5d8fmsn0lgslsgzr0c-python3.13-azure-cli-2.75.0-dist"
            }
          ],
          "store_path": "/nix/store/g9gb9yzkn1cnzb3h7dwwgy2gfxik4xkd-python3.13-azure-cli-2.75.0"
        },
        "aarch64-linux": {
          "outputs": [
            {
              "name": "out",
              "path": "/nix/store/jb8681fwxz9drdrbqa8w3gky1yznxjqg-python3.13-azure-cli-2.75.0",
              "default": true
            },
            {
              "name": "dist",
              "path": "/nix/store/szba24rg4dap0ism76kp5cs5kany45zi-python3.13-azure-cli-2.75.0-dist"
            }
          ],
          "store_path": "/nix/store/jb8681fwxz9drdrbqa8w3gky1yznxjqg-python3.13-azure-cli-2.75.0"
        },
        "x86_64-darwin": {
          "outputs": [
            {
              "name": "out",
              "path": "/nix/store/d05kyasjspkmd3ndwmhizd7642i0pwxi-python3.13-azure-cli-2.75.0",
              "default": true
            },
            {
              "name": "dist",
              "path": "/nix/store/gijrc5cj0ip6j0mdsfqi5ixd5piz80ad-python3.13-azure-cli-2.75.0-dist"
            }
          ],
          "store_path": "/nix/store/d05kyasjspkmd3ndwmhizd7642i0pwxi-python3.13-azure-cli-2.75.0"
        },
        "x86_64-linux": {
          "outputs": [
            {
              "name": "out",
              "path": "/nix/store/f12bs7id2na9xlid8k2cxycjviwv6205-python3.13-azure-cli-2.75.0",
              "default": true
            },
            {
              "name": "dist",
              "path": "/nix/store/va2h8f4m2r2brk1c0vjwavssgrb77r3x-python3.13-azure-cli-2.75.0-dist"
            }
          ],
          "store_path": "/nix/store/f12bs7id2na9xlid8k2cxycjviwv6205-python3.13-azure-cli-2.75.0"
        }
      }
    },
    "bind": {
      "resolved": "github:NixOS/nixpkgs/7c688a0875df5a8c28a53fb55ae45e94eae0dddb?narHash=sha256-vtTM4oDke3SeDj%2B1ey6DjmzXdq8ZZSCLWSaApADDvIE%3D#bind",
      "source": "nixpkg"
    },
    "cmake": {
      "resolved": "github:NixOS/nixpkgs/7c688a0875df5a8c28a53fb55ae45e94eae0dddb?narHash=sha256-vtTM4oDke3SeDj%2B1ey6DjmzXdq8ZZSCLWSaApADDvIE%3D#cmake",
      "source": "nixpkg"
    },
    "curl": {
      "resolved": "github:NixOS/nixpkgs/7c688a0875df5a8c28a53fb55ae45e94eae0dddb?narHash=sha256-vtTM4oDke3SeDj%2B1ey6DjmzXdq8ZZSCLWSaApADDvIE%3D#curl",
      "source": "nixpkg"
    },
    "dnsutils": {
      "resolved": "github:NixOS/nixpkgs/7c688a0875df5a8c28a53fb55ae45e94eae0dddb?narHash=sha256-vtTM4oDke3SeDj%2B1ey6DjmzXdq8ZZSCLWSaApADDvIE%3D#dnsutils",
      "source": "nixpkg"
    },
    "gh": {
      "resolved": "github:NixOS/nixpkgs/7c688a0875df5a8c28a53fb55ae45e94eae0dddb?narHash=sha256-vtTM4oDke3SeDj%2B1ey6DjmzXdq8ZZSCLWSaApADDvIE%3D#gh",
      "source": "nixpkg"
    },
    "github:NixOS/nixpkgs/nixpkgs-unstable": {
      "last_modified": "2025-07-20T07:42:04Z",
      "resolved": "github:NixOS/nixpkgs/7c688a0875df5a8c28a53fb55ae45e94eae0dddb?lastModified=1752997324&narHash=sha256-vtTM4oDke3SeDj%2B1ey6DjmzXdq8ZZSCLWSaApADDvIE%3D"
    },
    "gnupg": {
      "resolved": "github:NixOS/nixpkgs/7c688a0875df5a8c28a53fb55ae45e94eae0dddb?narHash=sha256-vtTM4oDke3SeDj%2B1ey6DjmzXdq8ZZSCLWSaApADDvIE%3D#gnupg",
      "source": "nixpkg"
    },
    "go": {
      "resolved": "github:NixOS/nixpkgs/7c688a0875df5a8c28a53fb55ae45e94eae0dddb?narHash=sha256-vtTM4oDke3SeDj%2B1ey6DjmzXdq8ZZSCLWSaApADDvIE%3D#go",
      "source": "nixpkg"
    },
    "golangci-lint": {
      "resolved": "github:NixOS/nixpkgs/7c688a0875df5a8c28a53fb55ae45e94eae0dddb?narHash=sha256-vtTM4oDke3SeDj%2B1ey6DjmzXdq8ZZSCLWSaApADDvIE%3D#golangci-lint",
      "source": "nixpkg"
    },
    "iproute2": {
      "resolved": "github:NixOS/nixpkgs/7c688a0875df5a8c28a53fb55ae45e94eae0dddb?narHash=sha256-vtTM4oDke3SeDj%2B1ey6DjmzXdq8ZZSCLWSaApADDvIE%3D#iproute2",
      "source": "nixpkg"
    },
    "iputils": {
      "resolved": "github:NixOS/nixpkgs/7c688a0875df5a8c28a53fb55ae45e94eae0dddb?narHash=sha256-vtTM4oDke3SeDj%2B1ey6DjmzXdq8ZZSCLWSaApADDvIE%3D#iputils",
      "source": "nixpkg"
    },
    "jq": {
      "resolved": "github:NixOS/nixpkgs/7c688a0875df5a8c28a53fb55ae45e94eae0dddb?narHash=sha256-vtTM4oDke3SeDj%2B1ey6DjmzXdq8ZZSCLWSaApADDvIE%3D#jq",
      "source": "nixpkg"
    },
    "k3d": {
      "resolved": "github:NixOS/nixpkgs/7c688a0875df5a8c28a53fb55ae45e94eae0dddb?narHash=sha256-vtTM4oDke3SeDj%2B1ey6DjmzXdq8ZZSCLWSaApADDvIE%3D#k3d",
      "source": "nixpkg"
    },
    "kind": {
      "resolved": "github:NixOS/nixpkgs/7c688a0875df5a8c28a53fb55ae45e94eae0dddb?narHash=sha256-vtTM4oDke3SeDj%2B1ey6DjmzXdq8ZZSCLWSaApADDvIE%3D#kind",
      "source": "nixpkg"
    },
    "kubectl": {
      "resolved": "github:NixOS/nixpkgs/7c688a0875df5a8c28a53fb55ae45e94eae0dddb?narHash=sha256-vtTM4oDke3SeDj%2B1ey6DjmzXdq8ZZSCLWSaApADDvIE%3D#kubectl",
      "source": "nixpkg"
    },
    "kubernetes-helm": {
      "resolved": "github:NixOS/nixpkgs/7c688a0875df5a8c28a53fb55ae45e94eae0dddb?narHash=sha256-vtTM4oDke3SeDj%2B1ey6DjmzXdq8ZZSCLWSaApADDvIE%3D#kubernetes-helm",
      "source": "nixpkg"
    },
    "libxml2": {
      "resolved": "github:NixOS/nixpkgs/7c688a0875df5a8c28a53fb55ae45e94eae0dddb?narHash=sha256-vtTM4oDke3SeDj%2B1ey6DjmzXdq8ZZSCLWSaApADDvIE%3D#libxml2",
      "source": "nixpkg"
    },
    "netcat": {
      "resolved": "github:NixOS/nixpkgs/7c688a0875df5a8c28a53fb55ae45e94eae0dddb?narHash=sha256-vtTM4oDke3SeDj%2B1ey6DjmzXdq8ZZSCLWSaApADDvIE%3D#netcat",
      "source": "nixpkg"
    },
    "nodejs_24@24.3.0": {
      "last_modified": "2025-07-13T22:45:35Z",
      "plugin_version": "0.0.2",
      "resolved": "github:NixOS/nixpkgs/a421ac6595024edcfbb1ef950a3712b89161c359#nodejs_24",
      "source": "devbox-search",
      "version": "24.3.0",
      "systems": {
        "aarch64-darwin": {
          "outputs": [
            {
              "name": "out",
              "path": "/nix/store/ixywwnx18qf84s42r0xdjyh16j20wivp-nodejs-24.3.0",
              "default": true
            },
            {
              "name": "dev",
              "path": "/nix/store/3jfhx7nkd049dvncxkq1d0slwyg0s4i2-nodejs-24.3.0-dev"
            },
            {
              "name": "libv8",
              "path": "/nix/store/dvb2alfj6yw5sibdf0f7xz65g2xlpq5l-nodejs-24.3.0-libv8"
            }
          ],
          "store_path": "/nix/store/ixywwnx18qf84s42r0xdjyh16j20wivp-nodejs-24.3.0"
        },
        "aarch64-linux": {
          "outputs": [
            {
              "name": "out",
              "path": "/nix/store/j8dzm2a1qnsk7rfzyy0idngvkkxz95pb-nodejs-24.3.0",
              "default": true
            },
            {
              "name": "dev",
              "path": "/nix/store/mwnhhp7wdza091ab238xcikzmmy5d6gm-nodejs-24.3.0-dev"
            },
            {
              "name": "libv8",
              "path": "/nix/store/fcygbfzdgylhn4qkjyygzkf6l7f999iz-nodejs-24.3.0-libv8"
            }
          ],
          "store_path": "/nix/store/j8dzm2a1qnsk7rfzyy0idngvkkxz95pb-nodejs-24.3.0"
        },
        "x86_64-darwin": {
          "outputs": [
            {
              "name": "out",
              "path": "/nix/store/n4ls3cap80zqich9dcyda2i3bqwf890c-nodejs-24.3.0",
              "default": true
            },
            {
              "name": "libv8",
              "path": "/nix/store/4bid3vh5zrfrvgijk7iakqvjs9sd037n-nodejs-24.3.0-libv8"
            },
            {
              "name": "dev",
              "path": "/nix/store/48k7x7x6bbkgyiq28pphks437xmlp1g6-nodejs-24.3.0-dev"
            }
          ],
          "store_path": "/nix/store/n4ls3cap80zqich9dcyda2i3bqwf890c-nodejs-24.3.0"
        },
        "x86_64-linux": {
          "outputs": [
            {
              "name": "out",
              "path": "/nix/store/qqncxi5y747vq0imqv3kwaap8s9sl5vi-nodejs-24.3.0",
              "default": true
            },
            {
              "name": "dev",
              "path": "/nix/store/k60zcyp2znsfk6jjgiqmgc4j6j7zwm0y-nodejs-24.3.0-dev"
            },
            {
              "name": "libv8",
              "path": "/nix/store/yr2s9lr49qsrl594whznb6vp586g6mq8-nodejs-24.3.0-libv8"
            }
          ],
          "store_path": "/nix/store/qqncxi5y747vq0imqv3kwaap8s9sl5vi-nodejs-24.3.0"
        }
      }
    },
    "openssl": {
      "resolved": "github:NixOS/nixpkgs/7c688a0875df5a8c28a53fb55ae45e94eae0dddb?narHash=sha256-vtTM4oDke3SeDj%2B1ey6DjmzXdq8ZZSCLWSaApADDvIE%3D#openssl",
      "source": "nixpkg"
    },
    "pkg-config": {
      "resolved": "github:NixOS/nixpkgs/7c688a0875df5a8c28a53fb55ae45e94eae0dddb?narHash=sha256-vtTM4oDke3SeDj%2B1ey6DjmzXdq8ZZSCLWSaApADDvIE%3D#pkg-config",
      "source": "nixpkg"
    },
    "pnpm": {
      "resolved": "github:NixOS/nixpkgs/7c688a0875df5a8c28a53fb55ae45e94eae0dddb?narHash=sha256-vtTM4oDke3SeDj%2B1ey6DjmzXdq8ZZSCLWSaApADDvIE%3D#pnpm",
      "source": "nixpkg"
    },
    "step-cli": {
      "resolved": "github:NixOS/nixpkgs/7c688a0875df5a8c28a53fb55ae45e94eae0dddb?narHash=sha256-vtTM4oDke3SeDj%2B1ey6DjmzXdq8ZZSCLWSaApADDvIE%3D#step-cli",
      "source": "nixpkg"
    },
    "yarn": {
      "resolved": "github:NixOS/nixpkgs/7c688a0875df5a8c28a53fb55ae45e94eae0dddb?narHash=sha256-vtTM4oDke3SeDj%2B1ey6DjmzXdq8ZZSCLWSaApADDvIE%3D#yarn",
      "source": "nixpkg"
    },
    "yq-go@4.44.1": {
      "last_modified": "2024-06-12T20:55:33Z",
      "resolved": "github:NixOS/nixpkgs/a9858885e197f984d92d7fe64e9fff6b2e488d40#yq-go",
      "source": "devbox-search",
      "version": "4.44.1",
      "systems": {
        "aarch64-darwin": {
          "outputs": [
            {
              "name": "out",
              "path": "/nix/store/c680a8924hfl6kilfmm7wdi17x816lf9-yq-go-4.44.1",
              "default": true
            }
          ],
          "store_path": "/nix/store/c680a8924hfl6kilfmm7wdi17x816lf9-yq-go-4.44.1"
        },
        "aarch64-linux": {
          "outputs": [
            {
              "name": "out",
              "path": "/nix/store/v0fdhzjlivcbxys68cv61bk1i3arm6yf-yq-go-4.44.1",
              "default": true
            }
          ],
          "store_path": "/nix/store/v0fdhzjlivcbxys68cv61bk1i3arm6yf-yq-go-4.44.1"
        },
        "x86_64-darwin": {
          "outputs": [
            {
              "name": "out",
              "path": "/nix/store/inlcz0pxlnqi8xwd1lxi0kf0d1dgr5s9-yq-go-4.44.1",
              "default": true
            }
          ],
          "store_path": "/nix/store/inlcz0pxlnqi8xwd1lxi0kf0d1dgr5s9-yq-go-4.44.1"
        },
        "x86_64-linux": {
          "outputs": [
            {
              "name": "out",
              "path": "/nix/store/kcihngcm9wjddhx6hlvqchj927698df2-yq-go-4.44.1",
              "default": true
            }
          ],
          "store_path": "/nix/store/kcihngcm9wjddhx6hlvqchj927698df2-yq-go-4.44.1"
        }
      }
    }
  }
}
